
Microsoft Visual Studio Solution File, Format Version 12.00
# Visual Studio Version 17
VisualStudioVersion = 17.0.31903.59
MinimumVisualStudioVersion = 10.0.40219.1
Project("{9A19103F-16F7-4668-BE54-9A1E7A4F7556}") = "OffshoreTradeFinance.Domain", "OffshoreTradeFinance.Domain\OffshoreTradeFinance.Domain.csproj", "{AF6DE9EB-F299-4F78-82D8-88BA75BCF312}"
EndProject
Project("{9A19103F-16F7-4668-BE54-9A1E7A4F7556}") = "OffshoreTradeFinance.Infra", "OffshoreTradeFinance.Infra\OffshoreTradeFinance.Infra.csproj", "{6B83C4E9-6137-4504-96AD-8AE3DA3395E1}"
EndProject
Project("{9A19103F-16F7-4668-BE54-9A1E7A4F7556}") = "OffshoreTradeFinance.API", "OffshoreTradeFinance.API\OffshoreTradeFinance.API.csproj", "{35529375-BE47-440A-A7E9-4FCE07C10823}"
EndProject
Global
	GlobalSection(SolutionConfigurationPlatforms) = preSolution
		Debug|Any CPU = Debug|Any CPU
		Release|Any CPU = Release|Any CPU
	EndGlobalSection
	GlobalSection(ProjectConfigurationPlatforms) = postSolution
		{AF6DE9EB-F299-4F78-82D8-88BA75BCF312}.Debug|Any CPU.ActiveCfg = Debug|Any CPU
		{AF6DE9EB-F299-4F78-82D8-88BA75BCF312}.Debug|Any CPU.Build.0 = Debug|Any CPU
		{AF6DE9EB-F299-4F78-82D8-88BA75BCF312}.Release|Any CPU.ActiveCfg = Release|Any CPU
		{AF6DE9EB-F299-4F78-82D8-88BA75BCF312}.Release|Any CPU.Build.0 = Release|Any CPU
		{6B83C4E9-6137-4504-96AD-8AE3DA3395E1}.Debug|Any CPU.ActiveCfg = Debug|Any CPU
		{6B83C4E9-6137-4504-96AD-8AE3DA3395E1}.Debug|Any CPU.Build.0 = Debug|Any CPU
		{6B83C4E9-6137-4504-96AD-8AE3DA3395E1}.Release|Any CPU.ActiveCfg = Release|Any CPU
		{6B83C4E9-6137-4504-96AD-8AE3DA3395E1}.Release|Any CPU.Build.0 = Release|Any CPU
		{35529375-BE47-440A-A7E9-4FCE07C10823}.Debug|Any CPU.ActiveCfg = Debug|Any CPU
		{35529375-BE47-440A-A7E9-4FCE07C10823}.Debug|Any CPU.Build.0 = Debug|Any CPU
		{35529375-BE47-440A-A7E9-4FCE07C10823}.Release|Any CPU.ActiveCfg = Release|Any CPU
		{35529375-BE47-440A-A7E9-4FCE07C10823}.Release|Any CPU.Build.0 = Release|Any CPU
	EndGlobalSection
	GlobalSection(SolutionProperties) = preSolution
		HideSolutionNode = FALSE
	EndGlobalSection
	GlobalSection(ExtensibilityGlobals) = postSolution
		SolutionGuid = {6E3AA0D6-F0CC-41D2-A5EB-65B3F536520B}
	EndGlobalSection
EndGlobal
